
Microsoft Visual Studio Solution File, Format Version 12.00
# Visual Studio Version 17
VisualStudioVersion = 17.6.33829.357
MinimumVisualStudioVersion = 10.0.40219.1
Project("{9A19103F-16F7-4668-BE54-9A1E7A4F7556}") = "BlasII.Randomizer", "BlasII.Randomizer\BlasII.Randomizer.csproj", "{189645F6-5704-4FA4-96E8-E322BD7A050F}"
EndProject
Project("{9A19103F-16F7-4668-BE54-9A1E7A4F7556}") = "BlasII.Randomizer.Tests", "BlasII.Randomizer.Tests\BlasII.Randomizer.Tests.csproj", "{8647ADE6-42D8-4C4D-A653-F33A02B0D3AB}"
EndProject
Project("{FAE04EC0-301F-11D3-BF4B-00C04F79EFBC}") = "BlasII.Randomizer.Benchmarks", "BlasII.Randomizer.Benchmarks\BlasII.Randomizer.Benchmarks.csproj", "{725F19E8-27F3-49CA-8DED-AF28C98579A1}"
EndProject
Global
	GlobalSection(SolutionConfigurationPlatforms) = preSolution
		Debug|Any CPU = Debug|Any CPU
		Release|Any CPU = Release|Any CPU
	EndGlobalSection
	GlobalSection(ProjectConfigurationPlatforms) = postSolution
		{189645F6-5704-4FA4-96E8-E322BD7A050F}.Debug|Any CPU.ActiveCfg = Debug|Any CPU
		{189645F6-5704-4FA4-96E8-E322BD7A050F}.Debug|Any CPU.Build.0 = Debug|Any CPU
		{189645F6-5704-4FA4-96E8-E322BD7A050F}.Release|Any CPU.ActiveCfg = Release|Any CPU
		{189645F6-5704-4FA4-96E8-E322BD7A050F}.Release|Any CPU.Build.0 = Release|Any CPU
		{8647ADE6-42D8-4C4D-A653-F33A02B0D3AB}.Debug|Any CPU.ActiveCfg = Debug|Any CPU
		{8647ADE6-42D8-4C4D-A653-F33A02B0D3AB}.Debug|Any CPU.Build.0 = Debug|Any CPU
		{8647ADE6-42D8-4C4D-A653-F33A02B0D3AB}.Release|Any CPU.ActiveCfg = Release|Any CPU
		{8647ADE6-42D8-4C4D-A653-F33A02B0D3AB}.Release|Any CPU.Build.0 = Release|Any CPU
		{725F19E8-27F3-49CA-8DED-AF28C98579A1}.Debug|Any CPU.ActiveCfg = Debug|Any CPU
		{725F19E8-27F3-49CA-8DED-AF28C98579A1}.Debug|Any CPU.Build.0 = Debug|Any CPU
		{725F19E8-27F3-49CA-8DED-AF28C98579A1}.Release|Any CPU.ActiveCfg = Release|Any CPU
		{725F19E8-27F3-49CA-8DED-AF28C98579A1}.Release|Any CPU.Build.0 = Release|Any CPU
	EndGlobalSection
	GlobalSection(SolutionProperties) = preSolution
		HideSolutionNode = FALSE
	EndGlobalSection
	GlobalSection(ExtensibilityGlobals) = postSolution
		SolutionGuid = {051C2056-EDDC-46BC-BD98-51CF6BF51D9F}
	EndGlobalSection
EndGlobal
